
Microsoft Visual Studio Solution File, Format Version 12.00
# Visual Studio Version 17
VisualStudioVersion = 17.7.34221.43
MinimumVisualStudioVersion = 10.0.40219.1
Project("{FAE04EC0-301F-11D3-BF4B-00C04F79EFBC}") = "L10_sequence", "L10_sequence\L10_sequence.csproj", "{736AAF9F-6F7F-443A-A362-47CC654B3EB4}"
EndProject
Global
	GlobalSection(SolutionConfigurationPlatforms) = preSolution
		Debug|Any CPU = Debug|Any CPU
		Release|Any CPU = Release|Any CPU
	EndGlobalSection
	GlobalSection(ProjectConfigurationPlatforms) = postSolution
		{736AAF9F-6F7F-443A-A362-47CC654B3EB4}.Debug|Any CPU.ActiveCfg = Debug|Any CPU
		{736AAF9F-6F7F-443A-A362-47CC654B3EB4}.Debug|Any CPU.Build.0 = Debug|Any CPU
		{736AAF9F-6F7F-443A-A362-47CC654B3EB4}.Release|Any CPU.ActiveCfg = Release|Any CPU
		{736AAF9F-6F7F-443A-A362-47CC654B3EB4}.Release|Any CPU.Build.0 = Release|Any CPU
	EndGlobalSection
	GlobalSection(SolutionProperties) = preSolution
		HideSolutionNode = FALSE
	EndGlobalSection
	GlobalSection(ExtensibilityGlobals) = postSolution
		SolutionGuid = {63E4FA99-30EB-4FB4-A791-096B713D39C9}
	EndGlobalSection
EndGlobal
